
Microsoft Visual Studio Solution File, Format Version 12.00
# Visual Studio Version 17
VisualStudioVersion = 17.12.35527.113 d17.12
MinimumVisualStudioVersion = 10.0.40219.1
Project("{2150E333-8FDC-42A3-9474-1A3956D46DE8}") = "src", "src", "{2B7445B9-51BD-4FCA-80C2-FF8DF97C2350}"
EndProject
Project("{FAE04EC0-301F-11D3-BF4B-00C04F79EFBC}") = "AnkiCSVImporter", "AnkiCSVImporter\AnkiCSVImporter.csproj", "{94825DB9-5E5E-4885-8D9B-157ED1036DF5}"
EndProject
Global
	GlobalSection(SolutionConfigurationPlatforms) = preSolution
		Debug|Any CPU = Debug|Any CPU
		Release|Any CPU = Release|Any CPU
	EndGlobalSection
	GlobalSection(ProjectConfigurationPlatforms) = postSolution
		{94825DB9-5E5E-4885-8D9B-157ED1036DF5}.Debug|Any CPU.ActiveCfg = Debug|Any CPU
		{94825DB9-5E5E-4885-8D9B-157ED1036DF5}.Debug|Any CPU.Build.0 = Debug|Any CPU
		{94825DB9-5E5E-4885-8D9B-157ED1036DF5}.Release|Any CPU.ActiveCfg = Release|Any CPU
		{94825DB9-5E5E-4885-8D9B-157ED1036DF5}.Release|Any CPU.Build.0 = Release|Any CPU
	EndGlobalSection
	GlobalSection(SolutionProperties) = preSolution
		HideSolutionNode = FALSE
	EndGlobalSection
	GlobalSection(NestedProjects) = preSolution
		{94825DB9-5E5E-4885-8D9B-157ED1036DF5} = {2B7445B9-51BD-4FCA-80C2-FF8DF97C2350}
	EndGlobalSection
EndGlobal
